// !$*UTF8*$!
{
	archiveVersion = 1;
	classes = {
	};
	objectVersion = 46;
	objects = {

/* Begin PBXBuildFile section */
		1F1D49F419FEEC160086E7BE /* AmpacheAPI.swift in Sources */ = {isa = PBXBuildFile; fileRef = 1F1D49F119FEEC160086E7BE /* AmpacheAPI.swift */; };
		1F1D49F519FEEC160086E7BE /* Artist.swift in Sources */ = {isa = PBXBuildFile; fileRef = 1F1D49F219FEEC160086E7BE /* Artist.swift */; };
		1F1D49F619FEEC160086E7BE /* Song.swift in Sources */ = {isa = PBXBuildFile; fileRef = 1F1D49F319FEEC160086E7BE /* Song.swift */; };
		1F27510119D6AA73005CC16E /* ArtistsViewController.swift in Sources */ = {isa = PBXBuildFile; fileRef = 1F27510019D6AA73005CC16E /* ArtistsViewController.swift */; };
		1F27510319D6B892005CC16E /* AlbumsViewController.swift in Sources */ = {isa = PBXBuildFile; fileRef = 1F27510219D6B892005CC16E /* AlbumsViewController.swift */; };
		1F27510519D6BA7F005CC16E /* AlbumParserDelegate.swift in Sources */ = {isa = PBXBuildFile; fileRef = 1F27510419D6BA7F005CC16E /* AlbumParserDelegate.swift */; };
		1F27510719D6EE16005CC16E /* CoreData.framework in Frameworks */ = {isa = PBXBuildFile; fileRef = 1F27510619D6EE16005CC16E /* CoreData.framework */; };
		1F27510A19D6EE55005CC16E /* AmpacheClient.xcdatamodeld in Sources */ = {isa = PBXBuildFile; fileRef = 1F27510819D6EE55005CC16E /* AmpacheClient.xcdatamodeld */; };
		1F293F2919D9DC5000A9B289 /* SongParserDelegate.swift in Sources */ = {isa = PBXBuildFile; fileRef = 1F293F2819D9DC5000A9B289 /* SongParserDelegate.swift */; };
		1F45BDBF19D4879500207C75 /* ArtistParserDelegate.swift in Sources */ = {isa = PBXBuildFile; fileRef = 1F45BDBE19D4879500207C75 /* ArtistParserDelegate.swift */; };
		1F5AFFE719EA7E4D00654D5B /* AlbumDetailViewController.swift in Sources */ = {isa = PBXBuildFile; fileRef = 1F5AFFE619EA7E4D00654D5B /* AlbumDetailViewController.swift */; };
		1F6624CE19D1C3320027342A /* AppDelegate.swift in Sources */ = {isa = PBXBuildFile; fileRef = 1F6624CD19D1C3320027342A /* AppDelegate.swift */; };
		1F6624D019D1C3320027342A /* FirstViewController.swift in Sources */ = {isa = PBXBuildFile; fileRef = 1F6624CF19D1C3320027342A /* FirstViewController.swift */; };
		1F6624D519D1C3320027342A /* Main.storyboard in Resources */ = {isa = PBXBuildFile; fileRef = 1F6624D319D1C3320027342A /* Main.storyboard */; };
		1F6624D719D1C3320027342A /* Images.xcassets in Resources */ = {isa = PBXBuildFile; fileRef = 1F6624D619D1C3320027342A /* Images.xcassets */; };
		1F6624DA19D1C3320027342A /* LaunchScreen.xib in Resources */ = {isa = PBXBuildFile; fileRef = 1F6624D819D1C3320027342A /* LaunchScreen.xib */; };
		1F6624E619D1C3320027342A /* AmpacheClientTests.swift in Sources */ = {isa = PBXBuildFile; fileRef = 1F6624E519D1C3320027342A /* AmpacheClientTests.swift */; };
		1F9BAA0719DFEC64001686A1 /* SongsViewController.swift in Sources */ = {isa = PBXBuildFile; fileRef = 1F9BAA0619DFEC64001686A1 /* SongsViewController.swift */; };
		1F9BAA0919DFEF9B001686A1 /* Album.swift in Sources */ = {isa = PBXBuildFile; fileRef = 1F9BAA0819DFEF9B001686A1 /* Album.swift */; };
		1F9BAA0B19DFEF9C001686A1 /* Settings.swift in Sources */ = {isa = PBXBuildFile; fileRef = 1F9BAA0A19DFEF9C001686A1 /* Settings.swift */; };
		1F9F6A8419DFF7B300145B0E /* PlayerViewController.swift in Sources */ = {isa = PBXBuildFile; fileRef = 1F9F6A8319DFF7B300145B0E /* PlayerViewController.swift */; };
		1FE58FC819F3CC1F004A7A91 /* ButtonTableViewCell.swift in Sources */ = {isa = PBXBuildFile; fileRef = 1FE58FC719F3CC1F004A7A91 /* ButtonTableViewCell.swift */; };
/* End PBXBuildFile section */

/* Begin PBXContainerItemProxy section */
		1F6624E019D1C3320027342A /* PBXContainerItemProxy */ = {
			isa = PBXContainerItemProxy;
			containerPortal = 1F6624C019D1C3320027342A /* Project object */;
			proxyType = 1;
			remoteGlobalIDString = 1F6624C719D1C3320027342A;
			remoteInfo = AmpacheClient;
		};
/* End PBXContainerItemProxy section */

/* Begin PBXFileReference section */
		1F1D49F119FEEC160086E7BE /* AmpacheAPI.swift */ = {isa = PBXFileReference; fileEncoding = 4; lastKnownFileType = sourcecode.swift; path = AmpacheAPI.swift; sourceTree = "<group>"; };
		1F1D49F219FEEC160086E7BE /* Artist.swift */ = {isa = PBXFileReference; fileEncoding = 4; lastKnownFileType = sourcecode.swift; path = Artist.swift; sourceTree = "<group>"; };
		1F1D49F319FEEC160086E7BE /* Song.swift */ = {isa = PBXFileReference; fileEncoding = 4; lastKnownFileType = sourcecode.swift; path = Song.swift; sourceTree = "<group>"; };
		1F27510019D6AA73005CC16E /* ArtistsViewController.swift */ = {isa = PBXFileReference; fileEncoding = 4; lastKnownFileType = sourcecode.swift; path = ArtistsViewController.swift; sourceTree = "<group>"; };
		1F27510219D6B892005CC16E /* AlbumsViewController.swift */ = {isa = PBXFileReference; fileEncoding = 4; lastKnownFileType = sourcecode.swift; path = AlbumsViewController.swift; sourceTree = "<group>"; };
		1F27510419D6BA7F005CC16E /* AlbumParserDelegate.swift */ = {isa = PBXFileReference; fileEncoding = 4; lastKnownFileType = sourcecode.swift; path = AlbumParserDelegate.swift; sourceTree = "<group>"; };
		1F27510619D6EE16005CC16E /* CoreData.framework */ = {isa = PBXFileReference; lastKnownFileType = wrapper.framework; name = CoreData.framework; path = System/Library/Frameworks/CoreData.framework; sourceTree = SDKROOT; };
		1F27510919D6EE55005CC16E /* AmpacheClient.xcdatamodel */ = {isa = PBXFileReference; lastKnownFileType = wrapper.xcdatamodel; path = AmpacheClient.xcdatamodel; sourceTree = "<group>"; };
		1F293F2819D9DC5000A9B289 /* SongParserDelegate.swift */ = {isa = PBXFileReference; fileEncoding = 4; lastKnownFileType = sourcecode.swift; path = SongParserDelegate.swift; sourceTree = "<group>"; };
		1F45BDBE19D4879500207C75 /* ArtistParserDelegate.swift */ = {isa = PBXFileReference; fileEncoding = 4; lastKnownFileType = sourcecode.swift; path = ArtistParserDelegate.swift; sourceTree = "<group>"; };
		1F5AFFE619EA7E4D00654D5B /* AlbumDetailViewController.swift */ = {isa = PBXFileReference; fileEncoding = 4; lastKnownFileType = sourcecode.swift; path = AlbumDetailViewController.swift; sourceTree = "<group>"; };
		1F6624C819D1C3320027342A /* AmpacheClient.app */ = {isa = PBXFileReference; explicitFileType = wrapper.application; includeInIndex = 0; path = AmpacheClient.app; sourceTree = BUILT_PRODUCTS_DIR; };
		1F6624CC19D1C3320027342A /* Info.plist */ = {isa = PBXFileReference; lastKnownFileType = text.plist.xml; path = Info.plist; sourceTree = "<group>"; };
		1F6624CD19D1C3320027342A /* AppDelegate.swift */ = {isa = PBXFileReference; lastKnownFileType = sourcecode.swift; path = AppDelegate.swift; sourceTree = "<group>"; };
		1F6624CF19D1C3320027342A /* FirstViewController.swift */ = {isa = PBXFileReference; lastKnownFileType = sourcecode.swift; path = FirstViewController.swift; sourceTree = "<group>"; };
		1F6624D419D1C3320027342A /* Base */ = {isa = PBXFileReference; lastKnownFileType = file.storyboard; name = Base; path = Base.lproj/Main.storyboard; sourceTree = "<group>"; };
		1F6624D619D1C3320027342A /* Images.xcassets */ = {isa = PBXFileReference; lastKnownFileType = folder.assetcatalog; path = Images.xcassets; sourceTree = "<group>"; };
		1F6624D919D1C3320027342A /* Base */ = {isa = PBXFileReference; lastKnownFileType = file.xib; name = Base; path = Base.lproj/LaunchScreen.xib; sourceTree = "<group>"; };
		1F6624DF19D1C3320027342A /* AmpacheClientTests.xctest */ = {isa = PBXFileReference; explicitFileType = wrapper.cfbundle; includeInIndex = 0; path = AmpacheClientTests.xctest; sourceTree = BUILT_PRODUCTS_DIR; };
		1F6624E419D1C3320027342A /* Info.plist */ = {isa = PBXFileReference; lastKnownFileType = text.plist.xml; path = Info.plist; sourceTree = "<group>"; };
		1F6624E519D1C3320027342A /* AmpacheClientTests.swift */ = {isa = PBXFileReference; lastKnownFileType = sourcecode.swift; path = AmpacheClientTests.swift; sourceTree = "<group>"; };
		1F9BAA0619DFEC64001686A1 /* SongsViewController.swift */ = {isa = PBXFileReference; fileEncoding = 4; lastKnownFileType = sourcecode.swift; path = SongsViewController.swift; sourceTree = "<group>"; };
		1F9BAA0819DFEF9B001686A1 /* Album.swift */ = {isa = PBXFileReference; fileEncoding = 4; lastKnownFileType = sourcecode.swift; path = Album.swift; sourceTree = "<group>"; };
		1F9BAA0A19DFEF9C001686A1 /* Settings.swift */ = {isa = PBXFileReference; fileEncoding = 4; lastKnownFileType = sourcecode.swift; path = Settings.swift; sourceTree = "<group>"; };
		1F9F6A8319DFF7B300145B0E /* PlayerViewController.swift */ = {isa = PBXFileReference; fileEncoding = 4; lastKnownFileType = sourcecode.swift; path = PlayerViewController.swift; sourceTree = "<group>"; };
		1FE58FC719F3CC1F004A7A91 /* ButtonTableViewCell.swift */ = {isa = PBXFileReference; fileEncoding = 4; lastKnownFileType = sourcecode.swift; path = ButtonTableViewCell.swift; sourceTree = "<group>"; };
		1FF59A9F19D32F440070B074 /* AmpacheClient-Bridging-Header.h */ = {isa = PBXFileReference; fileEncoding = 4; lastKnownFileType = sourcecode.c.h; path = "AmpacheClient-Bridging-Header.h"; sourceTree = SOURCE_ROOT; };
/* End PBXFileReference section */

/* Begin PBXFrameworksBuildPhase section */
		1F6624C519D1C3320027342A /* Frameworks */ = {
			isa = PBXFrameworksBuildPhase;
			buildActionMask = 2147483647;
			files = (
				1F27510719D6EE16005CC16E /* CoreData.framework in Frameworks */,
			);
			runOnlyForDeploymentPostprocessing = 0;
		};
		1F6624DC19D1C3320027342A /* Frameworks */ = {
			isa = PBXFrameworksBuildPhase;
			buildActionMask = 2147483647;
			files = (
			);
			runOnlyForDeploymentPostprocessing = 0;
		};
/* End PBXFrameworksBuildPhase section */

/* Begin PBXGroup section */
		1F6624BF19D1C3320027342A = {
			isa = PBXGroup;
			children = (
				1F27510619D6EE16005CC16E /* CoreData.framework */,
				1F6624CA19D1C3320027342A /* AmpacheClient */,
				1F6624E219D1C3320027342A /* AmpacheClientTests */,
				1F6624C919D1C3320027342A /* Products */,
			);
			sourceTree = "<group>";
		};
		1F6624C919D1C3320027342A /* Products */ = {
			isa = PBXGroup;
			children = (
				1F6624C819D1C3320027342A /* AmpacheClient.app */,
				1F6624DF19D1C3320027342A /* AmpacheClientTests.xctest */,
			);
			name = Products;
			sourceTree = "<group>";
		};
		1F6624CA19D1C3320027342A /* AmpacheClient */ = {
			isa = PBXGroup;
			children = (
				1F6624CB19D1C3320027342A /* Supporting Files */,
				1F6624D319D1C3320027342A /* Main.storyboard */,
				1F27510819D6EE55005CC16E /* AmpacheClient.xcdatamodeld */,
				1F6624D619D1C3320027342A /* Images.xcassets */,
				1F6624D819D1C3320027342A /* LaunchScreen.xib */,
				1FF59A9F19D32F440070B074 /* AmpacheClient-Bridging-Header.h */,
				1F1D49F119FEEC160086E7BE /* AmpacheAPI.swift */,
				1F1D49F219FEEC160086E7BE /* Artist.swift */,
				1F9BAA0819DFEF9B001686A1 /* Album.swift */,
				1F1D49F319FEEC160086E7BE /* Song.swift */,
				1F9BAA0A19DFEF9C001686A1 /* Settings.swift */,
				1F6624CD19D1C3320027342A /* AppDelegate.swift */,
				1F6624CF19D1C3320027342A /* FirstViewController.swift */,
				1F45BDBE19D4879500207C75 /* ArtistParserDelegate.swift */,
				1F27510419D6BA7F005CC16E /* AlbumParserDelegate.swift */,
				1F293F2819D9DC5000A9B289 /* SongParserDelegate.swift */,
				1F27510019D6AA73005CC16E /* ArtistsViewController.swift */,
				1F27510219D6B892005CC16E /* AlbumsViewController.swift */,
				1F5AFFE619EA7E4D00654D5B /* AlbumDetailViewController.swift */,
				1F9BAA0619DFEC64001686A1 /* SongsViewController.swift */,
				1F9F6A8319DFF7B300145B0E /* PlayerViewController.swift */,
				1FE58FC719F3CC1F004A7A91 /* ButtonTableViewCell.swift */,
			);
			path = AmpacheClient;
			sourceTree = "<group>";
		};
		1F6624CB19D1C3320027342A /* Supporting Files */ = {
			isa = PBXGroup;
			children = (
				1F6624CC19D1C3320027342A /* Info.plist */,
			);
			name = "Supporting Files";
			sourceTree = "<group>";
		};
		1F6624E219D1C3320027342A /* AmpacheClientTests */ = {
			isa = PBXGroup;
			children = (
				1F6624E519D1C3320027342A /* AmpacheClientTests.swift */,
				1F6624E319D1C3320027342A /* Supporting Files */,
			);
			path = AmpacheClientTests;
			sourceTree = "<group>";
		};
		1F6624E319D1C3320027342A /* Supporting Files */ = {
			isa = PBXGroup;
			children = (
				1F6624E419D1C3320027342A /* Info.plist */,
			);
			name = "Supporting Files";
			sourceTree = "<group>";
		};
/* End PBXGroup section */

/* Begin PBXNativeTarget section */
		1F6624C719D1C3320027342A /* AmpacheClient */ = {
			isa = PBXNativeTarget;
			buildConfigurationList = 1F6624E919D1C3320027342A /* Build configuration list for PBXNativeTarget "AmpacheClient" */;
			buildPhases = (
				1F6624C419D1C3320027342A /* Sources */,
				1F6624C519D1C3320027342A /* Frameworks */,
				1F6624C619D1C3320027342A /* Resources */,
			);
			buildRules = (
			);
			dependencies = (
			);
			name = AmpacheClient;
			productName = AmpacheClient;
			productReference = 1F6624C819D1C3320027342A /* AmpacheClient.app */;
			productType = "com.apple.product-type.application";
		};
		1F6624DE19D1C3320027342A /* AmpacheClientTests */ = {
			isa = PBXNativeTarget;
			buildConfigurationList = 1F6624EC19D1C3320027342A /* Build configuration list for PBXNativeTarget "AmpacheClientTests" */;
			buildPhases = (
				1F6624DB19D1C3320027342A /* Sources */,
				1F6624DC19D1C3320027342A /* Frameworks */,
				1F6624DD19D1C3320027342A /* Resources */,
			);
			buildRules = (
			);
			dependencies = (
				1F6624E119D1C3320027342A /* PBXTargetDependency */,
			);
			name = AmpacheClientTests;
			productName = AmpacheClientTests;
			productReference = 1F6624DF19D1C3320027342A /* AmpacheClientTests.xctest */;
			productType = "com.apple.product-type.bundle.unit-test";
		};
/* End PBXNativeTarget section */

/* Begin PBXProject section */
		1F6624C019D1C3320027342A /* Project object */ = {
			isa = PBXProject;
			attributes = {
				LastUpgradeCheck = 0600;
				ORGANIZATIONNAME = FileTrain;
				TargetAttributes = {
					1F6624C719D1C3320027342A = {
						CreatedOnToolsVersion = 6.0.1;
						DevelopmentTeam = 5N3R3CWMJ3;
					};
					1F6624DE19D1C3320027342A = {
						CreatedOnToolsVersion = 6.0.1;
						TestTargetID = 1F6624C719D1C3320027342A;
					};
				};
			};
			buildConfigurationList = 1F6624C319D1C3320027342A /* Build configuration list for PBXProject "AmpacheClient" */;
			compatibilityVersion = "Xcode 3.2";
			developmentRegion = English;
			hasScannedForEncodings = 0;
			knownRegions = (
				en,
				Base,
			);
			mainGroup = 1F6624BF19D1C3320027342A;
			productRefGroup = 1F6624C919D1C3320027342A /* Products */;
			projectDirPath = "";
			projectRoot = "";
			targets = (
				1F6624C719D1C3320027342A /* AmpacheClient */,
				1F6624DE19D1C3320027342A /* AmpacheClientTests */,
			);
		};
/* End PBXProject section */

/* Begin PBXResourcesBuildPhase section */
		1F6624C619D1C3320027342A /* Resources */ = {
			isa = PBXResourcesBuildPhase;
			buildActionMask = 2147483647;
			files = (
				1F6624D519D1C3320027342A /* Main.storyboard in Resources */,
				1F6624DA19D1C3320027342A /* LaunchScreen.xib in Resources */,
				1F6624D719D1C3320027342A /* Images.xcassets in Resources */,
			);
			runOnlyForDeploymentPostprocessing = 0;
		};
		1F6624DD19D1C3320027342A /* Resources */ = {
			isa = PBXResourcesBuildPhase;
			buildActionMask = 2147483647;
			files = (
			);
			runOnlyForDeploymentPostprocessing = 0;
		};
/* End PBXResourcesBuildPhase section */

/* Begin PBXSourcesBuildPhase section */
		1F6624C419D1C3320027342A /* Sources */ = {
			isa = PBXSourcesBuildPhase;
			buildActionMask = 2147483647;
			files = (
				1F9BAA0919DFEF9B001686A1 /* Album.swift in Sources */,
				1F1D49F419FEEC160086E7BE /* AmpacheAPI.swift in Sources */,
				1F45BDBF19D4879500207C75 /* ArtistParserDelegate.swift in Sources */,
				1F293F2919D9DC5000A9B289 /* SongParserDelegate.swift in Sources */,
				1F27510319D6B892005CC16E /* AlbumsViewController.swift in Sources */,
				1F27510A19D6EE55005CC16E /* AmpacheClient.xcdatamodeld in Sources */,
				1F9BAA0B19DFEF9C001686A1 /* Settings.swift in Sources */,
				1F6624CE19D1C3320027342A /* AppDelegate.swift in Sources */,
				1F6624D019D1C3320027342A /* FirstViewController.swift in Sources */,
				1F27510519D6BA7F005CC16E /* AlbumParserDelegate.swift in Sources */,
				1F27510119D6AA73005CC16E /* ArtistsViewController.swift in Sources */,
				1F5AFFE719EA7E4D00654D5B /* AlbumDetailViewController.swift in Sources */,
				1F9BAA0719DFEC64001686A1 /* SongsViewController.swift in Sources */,
				1F9F6A8419DFF7B300145B0E /* PlayerViewController.swift in Sources */,
				1F1D49F619FEEC160086E7BE /* Song.swift in Sources */,
				1F1D49F519FEEC160086E7BE /* Artist.swift in Sources */,
				1FE58FC819F3CC1F004A7A91 /* ButtonTableViewCell.swift in Sources */,
			);
			runOnlyForDeploymentPostprocessing = 0;
		};
		1F6624DB19D1C3320027342A /* Sources */ = {
			isa = PBXSourcesBuildPhase;
			buildActionMask = 2147483647;
			files = (
				1F6624E619D1C3320027342A /* AmpacheClientTests.swift in Sources */,
			);
			runOnlyForDeploymentPostprocessing = 0;
		};
/* End PBXSourcesBuildPhase section */

/* Begin PBXTargetDependency section */
		1F6624E119D1C3320027342A /* PBXTargetDependency */ = {
			isa = PBXTargetDependency;
			target = 1F6624C719D1C3320027342A /* AmpacheClient */;
			targetProxy = 1F6624E019D1C3320027342A /* PBXContainerItemProxy */;
		};
/* End PBXTargetDependency section */

/* Begin PBXVariantGroup section */
		1F6624D319D1C3320027342A /* Main.storyboard */ = {
			isa = PBXVariantGroup;
			children = (
				1F6624D419D1C3320027342A /* Base */,
			);
			name = Main.storyboard;
			sourceTree = "<group>";
		};
		1F6624D819D1C3320027342A /* LaunchScreen.xib */ = {
			isa = PBXVariantGroup;
			children = (
				1F6624D919D1C3320027342A /* Base */,
			);
			name = LaunchScreen.xib;
			sourceTree = "<group>";
		};
/* End PBXVariantGroup section */

/* Begin XCBuildConfiguration section */
		1F6624E719D1C3320027342A /* Debug */ = {
			isa = XCBuildConfiguration;
			buildSettings = {
				ALWAYS_SEARCH_USER_PATHS = NO;
				CLANG_CXX_LANGUAGE_STANDARD = "gnu++0x";
				CLANG_CXX_LIBRARY = "libc++";
				CLANG_ENABLE_MODULES = YES;
				CLANG_ENABLE_OBJC_ARC = YES;
				CLANG_WARN_BOOL_CONVERSION = YES;
				CLANG_WARN_CONSTANT_CONVERSION = YES;
				CLANG_WARN_DIRECT_OBJC_ISA_USAGE = YES_ERROR;
				CLANG_WARN_EMPTY_BODY = YES;
				CLANG_WARN_ENUM_CONVERSION = YES;
				CLANG_WARN_INT_CONVERSION = YES;
				CLANG_WARN_OBJC_ROOT_CLASS = YES_ERROR;
				CLANG_WARN_UNREACHABLE_CODE = YES;
				CLANG_WARN__DUPLICATE_METHOD_MATCH = YES;
				"CODE_SIGN_IDENTITY[sdk=iphoneos*]" = "iPhone Developer";
				COPY_PHASE_STRIP = NO;
				ENABLE_STRICT_OBJC_MSGSEND = YES;
				GCC_C_LANGUAGE_STANDARD = gnu99;
				GCC_DYNAMIC_NO_PIC = NO;
				GCC_OPTIMIZATION_LEVEL = 0;
				GCC_PREPROCESSOR_DEFINITIONS = (
					"DEBUG=1",
					"$(inherited)",
				);
				GCC_SYMBOLS_PRIVATE_EXTERN = NO;
				GCC_WARN_64_TO_32_BIT_CONVERSION = YES;
				GCC_WARN_ABOUT_RETURN_TYPE = YES_ERROR;
				GCC_WARN_UNDECLARED_SELECTOR = YES;
				GCC_WARN_UNINITIALIZED_AUTOS = YES_AGGRESSIVE;
				GCC_WARN_UNUSED_FUNCTION = YES;
				GCC_WARN_UNUSED_VARIABLE = YES;
				IPHONEOS_DEPLOYMENT_TARGET = 8.0;
				MTL_ENABLE_DEBUG_INFO = YES;
				ONLY_ACTIVE_ARCH = YES;
				SDKROOT = iphoneos;
				SWIFT_OPTIMIZATION_LEVEL = "-Onone";
			};
			name = Debug;
		};
		1F6624E819D1C3320027342A /* Release */ = {
			isa = XCBuildConfiguration;
			buildSettings = {
				ALWAYS_SEARCH_USER_PATHS = NO;
				CLANG_CXX_LANGUAGE_STANDARD = "gnu++0x";
				CLANG_CXX_LIBRARY = "libc++";
				CLANG_ENABLE_MODULES = YES;
				CLANG_ENABLE_OBJC_ARC = YES;
				CLANG_WARN_BOOL_CONVERSION = YES;
				CLANG_WARN_CONSTANT_CONVERSION = YES;
				CLANG_WARN_DIRECT_OBJC_ISA_USAGE = YES_ERROR;
				CLANG_WARN_EMPTY_BODY = YES;
				CLANG_WARN_ENUM_CONVERSION = YES;
				CLANG_WARN_INT_CONVERSION = YES;
				CLANG_WARN_OBJC_ROOT_CLASS = YES_ERROR;
				CLANG_WARN_UNREACHABLE_CODE = YES;
				CLANG_WARN__DUPLICATE_METHOD_MATCH = YES;
				"CODE_SIGN_IDENTITY[sdk=iphoneos*]" = "iPhone Developer";
				COPY_PHASE_STRIP = YES;
				ENABLE_NS_ASSERTIONS = NO;
				ENABLE_STRICT_OBJC_MSGSEND = YES;
				GCC_C_LANGUAGE_STANDARD = gnu99;
				GCC_WARN_64_TO_32_BIT_CONVERSION = YES;
				GCC_WARN_ABOUT_RETURN_TYPE = YES_ERROR;
				GCC_WARN_UNDECLARED_SELECTOR = YES;
				GCC_WARN_UNINITIALIZED_AUTOS = YES_AGGRESSIVE;
				GCC_WARN_UNUSED_FUNCTION = YES;
				GCC_WARN_UNUSED_VARIABLE = YES;
				IPHONEOS_DEPLOYMENT_TARGET = 8.0;
				MTL_ENABLE_DEBUG_INFO = NO;
				SDKROOT = iphoneos;
				VALIDATE_PRODUCT = YES;
			};
			name = Release;
		};
		1F6624EA19D1C3320027342A /* Debug */ = {
			isa = XCBuildConfiguration;
			buildSettings = {
				ASSETCATALOG_COMPILER_APPICON_NAME = AppIcon;
				CODE_SIGN_IDENTITY = "iPhone Developer";
				"CODE_SIGN_IDENTITY[sdk=iphoneos*]" = "iPhone Developer";
				INFOPLIST_FILE = AmpacheClient/Info.plist;
				LD_RUNPATH_SEARCH_PATHS = "$(inherited) @executable_path/Frameworks";
				PRODUCT_NAME = "$(TARGET_NAME)";
				PROVISIONING_PROFILE = "";
				SWIFT_OBJC_BRIDGING_HEADER = "AmpacheClient-Bridging-Header.h";
			};
			name = Debug;
		};
		1F6624EB19D1C3320027342A /* Release */ = {
			isa = XCBuildConfiguration;
			buildSettings = {
				ASSETCATALOG_COMPILER_APPICON_NAME = AppIcon;
				CODE_SIGN_IDENTITY = "iPhone Developer";
				"CODE_SIGN_IDENTITY[sdk=iphoneos*]" = "iPhone Developer";
				INFOPLIST_FILE = AmpacheClient/Info.plist;
				LD_RUNPATH_SEARCH_PATHS = "$(inherited) @executable_path/Frameworks";
				PRODUCT_NAME = "$(TARGET_NAME)";
				PROVISIONING_PROFILE = "";
				SWIFT_OBJC_BRIDGING_HEADER = "AmpacheClient-Bridging-Header.h";
			};
			name = Release;
		};
		1F6624ED19D1C3320027342A /* Debug */ = {
			isa = XCBuildConfiguration;
			buildSettings = {
				BUNDLE_LOADER = "$(TEST_HOST)";
				FRAMEWORK_SEARCH_PATHS = (
					"$(SDKROOT)/Developer/Library/Frameworks",
					"$(inherited)",
				);
				GCC_PREPROCESSOR_DEFINITIONS = (
					"DEBUG=1",
					"$(inherited)",
				);
				INFOPLIST_FILE = AmpacheClientTests/Info.plist;
				LD_RUNPATH_SEARCH_PATHS = "$(inherited) @executable_path/Frameworks @loader_path/Frameworks";
				PRODUCT_NAME = "$(TARGET_NAME)";
				TEST_HOST = "$(BUILT_PRODUCTS_DIR)/AmpacheClient.app/AmpacheClient";
			};
			name = Debug;
		};
		1F6624EE19D1C3320027342A /* Release */ = {
			isa = XCBuildConfiguration;
			buildSettings = {
				BUNDLE_LOADER = "$(TEST_HOST)";
				FRAMEWORK_SEARCH_PATHS = (
					"$(SDKROOT)/Developer/Library/Frameworks",
					"$(inherited)",
				);
				INFOPLIST_FILE = AmpacheClientTests/Info.plist;
				LD_RUNPATH_SEARCH_PATHS = "$(inherited) @executable_path/Frameworks @loader_path/Frameworks";
				PRODUCT_NAME = "$(TARGET_NAME)";
				TEST_HOST = "$(BUILT_PRODUCTS_DIR)/AmpacheClient.app/AmpacheClient";
			};
			name = Release;
		};
/* End XCBuildConfiguration section */

/* Begin XCConfigurationList section */
		1F6624C319D1C3320027342A /* Build configuration list for PBXProject "AmpacheClient" */ = {
			isa = XCConfigurationList;
			buildConfigurations = (
				1F6624E719D1C3320027342A /* Debug */,
				1F6624E819D1C3320027342A /* Release */,
			);
			defaultConfigurationIsVisible = 0;
			defaultConfigurationName = Release;
		};
		1F6624E919D1C3320027342A /* Build configuration list for PBXNativeTarget "AmpacheClient" */ = {
			isa = XCConfigurationList;
			buildConfigurations = (
				1F6624EA19D1C3320027342A /* Debug */,
				1F6624EB19D1C3320027342A /* Release */,
			);
			defaultConfigurationIsVisible = 0;
			defaultConfigurationName = Release;
		};
		1F6624EC19D1C3320027342A /* Build configuration list for PBXNativeTarget "AmpacheClientTests" */ = {
			isa = XCConfigurationList;
			buildConfigurations = (
				1F6624ED19D1C3320027342A /* Debug */,
				1F6624EE19D1C3320027342A /* Release */,
			);
			defaultConfigurationIsVisible = 0;
			defaultConfigurationName = Release;
		};
/* End XCConfigurationList section */

/* Begin XCVersionGroup section */
		1F27510819D6EE55005CC16E /* AmpacheClient.xcdatamodeld */ = {
			isa = XCVersionGroup;
			children = (
				1F27510919D6EE55005CC16E /* AmpacheClient.xcdatamodel */,
			);
			currentVersion = 1F27510919D6EE55005CC16E /* AmpacheClient.xcdatamodel */;
			path = AmpacheClient.xcdatamodeld;
			sourceTree = "<group>";
			versionGroupType = wrapper.xcdatamodel;
		};
/* End XCVersionGroup section */
	};
	rootObject = 1F6624C019D1C3320027342A /* Project object */;
}
